
Microsoft Visual Studio Solution File, Format Version 12.00
# Visual Studio Version 16
VisualStudioVersion = 16.0.29926.136
MinimumVisualStudioVersion = 10.0.40219.1
Project("{9A19103F-16F7-4668-BE54-9A1E7A4F7556}") = "Archivator_desktop_WPF_WTS", "Archivator_desktop_WPF_WTS\Archivator_desktop_WPF_WTS.csproj", "{30D90802-08BB-4BA9-A295-03CBDE57B669}"
EndProject
Project("{9A19103F-16F7-4668-BE54-9A1E7A4F7556}") = "Archivator_desktop_WPF_WTS.Core", "Archivator_desktop_WPF_WTS.Core\Archivator_desktop_WPF_WTS.Core.csproj", "{68AEF560-FF4B-4546-A4D6-816F05FEAC39}"
EndProject
Project("{54435603-DBB4-11D2-8724-00A0C9A8B90C}") = "SetupProject", "SetupProject\SetupProject.vdproj", "{43E9842B-3B26-4146-AC08-11F76BBBC40C}"
EndProject
Project("{9A19103F-16F7-4668-BE54-9A1E7A4F7556}") = "NUnitTestArchivatorDb", "..\ArchivatorDb\NUnitTestArchivatorDb\NUnitTestArchivatorDb.csproj", "{0955FC3C-951C-481E-AE10-BA38AF6C5DA4}"
EndProject
Project("{9A19103F-16F7-4668-BE54-9A1E7A4F7556}") = "ArchivatorDb", "ArchivatorDb\ArchivatorDb\ArchivatorDb.csproj", "{A0F3AC53-BFF0-48A2-92B1-1332D4183017}"
EndProject
Project("{C7167F0D-BC9F-4E6E-AFE1-012C56B48DB5}") = "Archivator_Packager", "Archivator_Packager\Archivator_Packager.wapproj", "{EEAB8EC2-4049-491A-948D-30FA5AB31E62}"
EndProject
Project("{040ECBDE-118F-47B7-BE98-E6E3FFCE59D0}") = "NSIS-Installer", "NSIS-Installer\NSIS-Installer.nsisproj", "{95ACE6C1-8817-4434-A450-DA117E5B433F}"
EndProject
Global
	GlobalSection(SolutionConfigurationPlatforms) = preSolution
		Debug|Any CPU = Debug|Any CPU
		Debug|ARM = Debug|ARM
		Debug|ARM64 = Debug|ARM64
		Debug|x64 = Debug|x64
		Debug|x86 = Debug|x86
		Publish|Any CPU = Publish|Any CPU
		Publish|ARM = Publish|ARM
		Publish|ARM64 = Publish|ARM64
		Publish|x64 = Publish|x64
		Publish|x86 = Publish|x86
		Release|Any CPU = Release|Any CPU
		Release|ARM = Release|ARM
		Release|ARM64 = Release|ARM64
		Release|x64 = Release|x64
		Release|x86 = Release|x86
	EndGlobalSection
	GlobalSection(ProjectConfigurationPlatforms) = postSolution
		{30D90802-08BB-4BA9-A295-03CBDE57B669}.Debug|Any CPU.ActiveCfg = Debug|Any CPU
		{30D90802-08BB-4BA9-A295-03CBDE57B669}.Debug|Any CPU.Build.0 = Debug|Any CPU
		{30D90802-08BB-4BA9-A295-03CBDE57B669}.Debug|ARM.ActiveCfg = Debug|Any CPU
		{30D90802-08BB-4BA9-A295-03CBDE57B669}.Debug|ARM.Build.0 = Debug|Any CPU
		{30D90802-08BB-4BA9-A295-03CBDE57B669}.Debug|ARM64.ActiveCfg = Debug|Any CPU
		{30D90802-08BB-4BA9-A295-03CBDE57B669}.Debug|ARM64.Build.0 = Debug|Any CPU
		{30D90802-08BB-4BA9-A295-03CBDE57B669}.Debug|x64.ActiveCfg = Debug|x64
		{30D90802-08BB-4BA9-A295-03CBDE57B669}.Debug|x64.Build.0 = Debug|x64
		{30D90802-08BB-4BA9-A295-03CBDE57B669}.Debug|x86.ActiveCfg = Debug|x86
		{30D90802-08BB-4BA9-A295-03CBDE57B669}.Debug|x86.Build.0 = Debug|x86
		{30D90802-08BB-4BA9-A295-03CBDE57B669}.Publish|Any CPU.ActiveCfg = Release|Any CPU
		{30D90802-08BB-4BA9-A295-03CBDE57B669}.Publish|Any CPU.Build.0 = Release|Any CPU
		{30D90802-08BB-4BA9-A295-03CBDE57B669}.Publish|ARM.ActiveCfg = Release|Any CPU
		{30D90802-08BB-4BA9-A295-03CBDE57B669}.Publish|ARM.Build.0 = Release|Any CPU
		{30D90802-08BB-4BA9-A295-03CBDE57B669}.Publish|ARM64.ActiveCfg = Release|Any CPU
		{30D90802-08BB-4BA9-A295-03CBDE57B669}.Publish|ARM64.Build.0 = Release|Any CPU
		{30D90802-08BB-4BA9-A295-03CBDE57B669}.Publish|x64.ActiveCfg = Release|x64
		{30D90802-08BB-4BA9-A295-03CBDE57B669}.Publish|x64.Build.0 = Release|x64
		{30D90802-08BB-4BA9-A295-03CBDE57B669}.Publish|x86.ActiveCfg = Release|x86
		{30D90802-08BB-4BA9-A295-03CBDE57B669}.Publish|x86.Build.0 = Release|x86
		{30D90802-08BB-4BA9-A295-03CBDE57B669}.Release|Any CPU.ActiveCfg = Release|Any CPU
		{30D90802-08BB-4BA9-A295-03CBDE57B669}.Release|Any CPU.Build.0 = Release|Any CPU
		{30D90802-08BB-4BA9-A295-03CBDE57B669}.Release|ARM.ActiveCfg = Release|Any CPU
		{30D90802-08BB-4BA9-A295-03CBDE57B669}.Release|ARM.Build.0 = Release|Any CPU
		{30D90802-08BB-4BA9-A295-03CBDE57B669}.Release|ARM64.ActiveCfg = Release|Any CPU
		{30D90802-08BB-4BA9-A295-03CBDE57B669}.Release|ARM64.Build.0 = Release|Any CPU
		{30D90802-08BB-4BA9-A295-03CBDE57B669}.Release|x64.ActiveCfg = Release|x64
		{30D90802-08BB-4BA9-A295-03CBDE57B669}.Release|x64.Build.0 = Release|x64
		{30D90802-08BB-4BA9-A295-03CBDE57B669}.Release|x86.ActiveCfg = Release|x86
		{30D90802-08BB-4BA9-A295-03CBDE57B669}.Release|x86.Build.0 = Release|x86
		{68AEF560-FF4B-4546-A4D6-816F05FEAC39}.Debug|Any CPU.ActiveCfg = Debug|Any CPU
		{68AEF560-FF4B-4546-A4D6-816F05FEAC39}.Debug|Any CPU.Build.0 = Debug|Any CPU
		{68AEF560-FF4B-4546-A4D6-816F05FEAC39}.Debug|ARM.ActiveCfg = Debug|Any CPU
		{68AEF560-FF4B-4546-A4D6-816F05FEAC39}.Debug|ARM.Build.0 = Debug|Any CPU
		{68AEF560-FF4B-4546-A4D6-816F05FEAC39}.Debug|ARM64.ActiveCfg = Debug|Any CPU
		{68AEF560-FF4B-4546-A4D6-816F05FEAC39}.Debug|ARM64.Build.0 = Debug|Any CPU
		{68AEF560-FF4B-4546-A4D6-816F05FEAC39}.Debug|x64.ActiveCfg = Debug|x64
		{68AEF560-FF4B-4546-A4D6-816F05FEAC39}.Debug|x64.Build.0 = Debug|x64
		{68AEF560-FF4B-4546-A4D6-816F05FEAC39}.Debug|x86.ActiveCfg = Debug|x86
		{68AEF560-FF4B-4546-A4D6-816F05FEAC39}.Debug|x86.Build.0 = Debug|x86
		{68AEF560-FF4B-4546-A4D6-816F05FEAC39}.Publish|Any CPU.ActiveCfg = Release|Any CPU
		{68AEF560-FF4B-4546-A4D6-816F05FEAC39}.Publish|Any CPU.Build.0 = Release|Any CPU
		{68AEF560-FF4B-4546-A4D6-816F05FEAC39}.Publish|ARM.ActiveCfg = Release|Any CPU
		{68AEF560-FF4B-4546-A4D6-816F05FEAC39}.Publish|ARM.Build.0 = Release|Any CPU
		{68AEF560-FF4B-4546-A4D6-816F05FEAC39}.Publish|ARM64.ActiveCfg = Release|Any CPU
		{68AEF560-FF4B-4546-A4D6-816F05FEAC39}.Publish|ARM64.Build.0 = Release|Any CPU
		{68AEF560-FF4B-4546-A4D6-816F05FEAC39}.Publish|x64.ActiveCfg = Release|x64
		{68AEF560-FF4B-4546-A4D6-816F05FEAC39}.Publish|x64.Build.0 = Release|x64
		{68AEF560-FF4B-4546-A4D6-816F05FEAC39}.Publish|x86.ActiveCfg = Release|x86
		{68AEF560-FF4B-4546-A4D6-816F05FEAC39}.Publish|x86.Build.0 = Release|x86
		{68AEF560-FF4B-4546-A4D6-816F05FEAC39}.Release|Any CPU.ActiveCfg = Release|Any CPU
		{68AEF560-FF4B-4546-A4D6-816F05FEAC39}.Release|Any CPU.Build.0 = Release|Any CPU
		{68AEF560-FF4B-4546-A4D6-816F05FEAC39}.Release|ARM.ActiveCfg = Release|Any CPU
		{68AEF560-FF4B-4546-A4D6-816F05FEAC39}.Release|ARM.Build.0 = Release|Any CPU
		{68AEF560-FF4B-4546-A4D6-816F05FEAC39}.Release|ARM64.ActiveCfg = Release|Any CPU
		{68AEF560-FF4B-4546-A4D6-816F05FEAC39}.Release|ARM64.Build.0 = Release|Any CPU
		{68AEF560-FF4B-4546-A4D6-816F05FEAC39}.Release|x64.ActiveCfg = Release|x64
		{68AEF560-FF4B-4546-A4D6-816F05FEAC39}.Release|x64.Build.0 = Release|x64
		{68AEF560-FF4B-4546-A4D6-816F05FEAC39}.Release|x86.ActiveCfg = Release|x86
		{68AEF560-FF4B-4546-A4D6-816F05FEAC39}.Release|x86.Build.0 = Release|x86
		{43E9842B-3B26-4146-AC08-11F76BBBC40C}.Debug|Any CPU.ActiveCfg = Debug
		{43E9842B-3B26-4146-AC08-11F76BBBC40C}.Debug|ARM.ActiveCfg = Debug
		{43E9842B-3B26-4146-AC08-11F76BBBC40C}.Debug|ARM64.ActiveCfg = Debug
		{43E9842B-3B26-4146-AC08-11F76BBBC40C}.Debug|x64.ActiveCfg = Debug
		{43E9842B-3B26-4146-AC08-11F76BBBC40C}.Debug|x86.ActiveCfg = Debug
		{43E9842B-3B26-4146-AC08-11F76BBBC40C}.Publish|Any CPU.ActiveCfg = Release
		{43E9842B-3B26-4146-AC08-11F76BBBC40C}.Publish|Any CPU.Build.0 = Release
		{43E9842B-3B26-4146-AC08-11F76BBBC40C}.Publish|ARM.ActiveCfg = Release
		{43E9842B-3B26-4146-AC08-11F76BBBC40C}.Publish|ARM.Build.0 = Release
		{43E9842B-3B26-4146-AC08-11F76BBBC40C}.Publish|ARM64.ActiveCfg = Release
		{43E9842B-3B26-4146-AC08-11F76BBBC40C}.Publish|ARM64.Build.0 = Release
		{43E9842B-3B26-4146-AC08-11F76BBBC40C}.Publish|x64.ActiveCfg = Release
		{43E9842B-3B26-4146-AC08-11F76BBBC40C}.Publish|x64.Build.0 = Release
		{43E9842B-3B26-4146-AC08-11F76BBBC40C}.Publish|x86.ActiveCfg = Release
		{43E9842B-3B26-4146-AC08-11F76BBBC40C}.Publish|x86.Build.0 = Release
		{43E9842B-3B26-4146-AC08-11F76BBBC40C}.Release|Any CPU.ActiveCfg = Release
		{43E9842B-3B26-4146-AC08-11F76BBBC40C}.Release|ARM.ActiveCfg = Release
		{43E9842B-3B26-4146-AC08-11F76BBBC40C}.Release|ARM64.ActiveCfg = Release
		{43E9842B-3B26-4146-AC08-11F76BBBC40C}.Release|x64.ActiveCfg = Release
		{43E9842B-3B26-4146-AC08-11F76BBBC40C}.Release|x86.ActiveCfg = Release
		{0955FC3C-951C-481E-AE10-BA38AF6C5DA4}.Debug|Any CPU.ActiveCfg = Debug|Any CPU
		{0955FC3C-951C-481E-AE10-BA38AF6C5DA4}.Debug|Any CPU.Build.0 = Debug|Any CPU
		{0955FC3C-951C-481E-AE10-BA38AF6C5DA4}.Debug|ARM.ActiveCfg = Debug|Any CPU
		{0955FC3C-951C-481E-AE10-BA38AF6C5DA4}.Debug|ARM.Build.0 = Debug|Any CPU
		{0955FC3C-951C-481E-AE10-BA38AF6C5DA4}.Debug|ARM64.ActiveCfg = Debug|Any CPU
		{0955FC3C-951C-481E-AE10-BA38AF6C5DA4}.Debug|ARM64.Build.0 = Debug|Any CPU
		{0955FC3C-951C-481E-AE10-BA38AF6C5DA4}.Debug|x64.ActiveCfg = Debug|Any CPU
		{0955FC3C-951C-481E-AE10-BA38AF6C5DA4}.Debug|x64.Build.0 = Debug|Any CPU
		{0955FC3C-951C-481E-AE10-BA38AF6C5DA4}.Debug|x86.ActiveCfg = Debug|Any CPU
		{0955FC3C-951C-481E-AE10-BA38AF6C5DA4}.Debug|x86.Build.0 = Debug|Any CPU
		{0955FC3C-951C-481E-AE10-BA38AF6C5DA4}.Publish|Any CPU.ActiveCfg = Debug|Any CPU
		{0955FC3C-951C-481E-AE10-BA38AF6C5DA4}.Publish|Any CPU.Build.0 = Debug|Any CPU
		{0955FC3C-951C-481E-AE10-BA38AF6C5DA4}.Publish|ARM.ActiveCfg = Debug|Any CPU
		{0955FC3C-951C-481E-AE10-BA38AF6C5DA4}.Publish|ARM.Build.0 = Debug|Any CPU
		{0955FC3C-951C-481E-AE10-BA38AF6C5DA4}.Publish|ARM64.ActiveCfg = Debug|Any CPU
		{0955FC3C-951C-481E-AE10-BA38AF6C5DA4}.Publish|ARM64.Build.0 = Debug|Any CPU
		{0955FC3C-951C-481E-AE10-BA38AF6C5DA4}.Publish|x64.ActiveCfg = Debug|Any CPU
		{0955FC3C-951C-481E-AE10-BA38AF6C5DA4}.Publish|x64.Build.0 = Debug|Any CPU
		{0955FC3C-951C-481E-AE10-BA38AF6C5DA4}.Publish|x86.ActiveCfg = Debug|Any CPU
		{0955FC3C-951C-481E-AE10-BA38AF6C5DA4}.Publish|x86.Build.0 = Debug|Any CPU
		{0955FC3C-951C-481E-AE10-BA38AF6C5DA4}.Release|Any CPU.ActiveCfg = Release|Any CPU
		{0955FC3C-951C-481E-AE10-BA38AF6C5DA4}.Release|Any CPU.Build.0 = Release|Any CPU
		{0955FC3C-951C-481E-AE10-BA38AF6C5DA4}.Release|ARM.ActiveCfg = Release|Any CPU
		{0955FC3C-951C-481E-AE10-BA38AF6C5DA4}.Release|ARM.Build.0 = Release|Any CPU
		{0955FC3C-951C-481E-AE10-BA38AF6C5DA4}.Release|ARM64.ActiveCfg = Release|Any CPU
		{0955FC3C-951C-481E-AE10-BA38AF6C5DA4}.Release|ARM64.Build.0 = Release|Any CPU
		{0955FC3C-951C-481E-AE10-BA38AF6C5DA4}.Release|x64.ActiveCfg = Release|Any CPU
		{0955FC3C-951C-481E-AE10-BA38AF6C5DA4}.Release|x64.Build.0 = Release|Any CPU
		{0955FC3C-951C-481E-AE10-BA38AF6C5DA4}.Release|x86.ActiveCfg = Release|Any CPU
		{0955FC3C-951C-481E-AE10-BA38AF6C5DA4}.Release|x86.Build.0 = Release|Any CPU
		{A0F3AC53-BFF0-48A2-92B1-1332D4183017}.Debug|Any CPU.ActiveCfg = Debug|Any CPU
		{A0F3AC53-BFF0-48A2-92B1-1332D4183017}.Debug|Any CPU.Build.0 = Debug|Any CPU
		{A0F3AC53-BFF0-48A2-92B1-1332D4183017}.Debug|ARM.ActiveCfg = Debug|Any CPU
		{A0F3AC53-BFF0-48A2-92B1-1332D4183017}.Debug|ARM.Build.0 = Debug|Any CPU
		{A0F3AC53-BFF0-48A2-92B1-1332D4183017}.Debug|ARM64.ActiveCfg = Debug|Any CPU
		{A0F3AC53-BFF0-48A2-92B1-1332D4183017}.Debug|ARM64.Build.0 = Debug|Any CPU
		{A0F3AC53-BFF0-48A2-92B1-1332D4183017}.Debug|x64.ActiveCfg = Debug|Any CPU
		{A0F3AC53-BFF0-48A2-92B1-1332D4183017}.Debug|x64.Build.0 = Debug|Any CPU
		{A0F3AC53-BFF0-48A2-92B1-1332D4183017}.Debug|x86.ActiveCfg = Debug|Any CPU
		{A0F3AC53-BFF0-48A2-92B1-1332D4183017}.Debug|x86.Build.0 = Debug|Any CPU
		{A0F3AC53-BFF0-48A2-92B1-1332D4183017}.Publish|Any CPU.ActiveCfg = Publish|Any CPU
		{A0F3AC53-BFF0-48A2-92B1-1332D4183017}.Publish|Any CPU.Build.0 = Publish|Any CPU
		{A0F3AC53-BFF0-48A2-92B1-1332D4183017}.Publish|ARM.ActiveCfg = Publish|Any CPU
		{A0F3AC53-BFF0-48A2-92B1-1332D4183017}.Publish|ARM.Build.0 = Publish|Any CPU
		{A0F3AC53-BFF0-48A2-92B1-1332D4183017}.Publish|ARM64.ActiveCfg = Publish|Any CPU
		{A0F3AC53-BFF0-48A2-92B1-1332D4183017}.Publish|ARM64.Build.0 = Publish|Any CPU
		{A0F3AC53-BFF0-48A2-92B1-1332D4183017}.Publish|x64.ActiveCfg = Publish|Any CPU
		{A0F3AC53-BFF0-48A2-92B1-1332D4183017}.Publish|x64.Build.0 = Publish|Any CPU
		{A0F3AC53-BFF0-48A2-92B1-1332D4183017}.Publish|x86.ActiveCfg = Publish|Any CPU
		{A0F3AC53-BFF0-48A2-92B1-1332D4183017}.Publish|x86.Build.0 = Publish|Any CPU
		{A0F3AC53-BFF0-48A2-92B1-1332D4183017}.Release|Any CPU.ActiveCfg = Release|Any CPU
		{A0F3AC53-BFF0-48A2-92B1-1332D4183017}.Release|Any CPU.Build.0 = Release|Any CPU
		{A0F3AC53-BFF0-48A2-92B1-1332D4183017}.Release|ARM.ActiveCfg = Release|Any CPU
		{A0F3AC53-BFF0-48A2-92B1-1332D4183017}.Release|ARM.Build.0 = Release|Any CPU
		{A0F3AC53-BFF0-48A2-92B1-1332D4183017}.Release|ARM64.ActiveCfg = Release|Any CPU
		{A0F3AC53-BFF0-48A2-92B1-1332D4183017}.Release|ARM64.Build.0 = Release|Any CPU
		{A0F3AC53-BFF0-48A2-92B1-1332D4183017}.Release|x64.ActiveCfg = Release|Any CPU
		{A0F3AC53-BFF0-48A2-92B1-1332D4183017}.Release|x64.Build.0 = Release|Any CPU
		{A0F3AC53-BFF0-48A2-92B1-1332D4183017}.Release|x86.ActiveCfg = Release|Any CPU
		{A0F3AC53-BFF0-48A2-92B1-1332D4183017}.Release|x86.Build.0 = Release|Any CPU
		{EEAB8EC2-4049-491A-948D-30FA5AB31E62}.Debug|Any CPU.ActiveCfg = Debug|Any CPU
		{EEAB8EC2-4049-491A-948D-30FA5AB31E62}.Debug|Any CPU.Build.0 = Debug|Any CPU
		{EEAB8EC2-4049-491A-948D-30FA5AB31E62}.Debug|Any CPU.Deploy.0 = Debug|Any CPU
		{EEAB8EC2-4049-491A-948D-30FA5AB31E62}.Debug|ARM.ActiveCfg = Debug|ARM
		{EEAB8EC2-4049-491A-948D-30FA5AB31E62}.Debug|ARM.Build.0 = Debug|ARM
		{EEAB8EC2-4049-491A-948D-30FA5AB31E62}.Debug|ARM.Deploy.0 = Debug|ARM
		{EEAB8EC2-4049-491A-948D-30FA5AB31E62}.Debug|ARM64.ActiveCfg = Debug|ARM64
		{EEAB8EC2-4049-491A-948D-30FA5AB31E62}.Debug|ARM64.Build.0 = Debug|ARM64
		{EEAB8EC2-4049-491A-948D-30FA5AB31E62}.Debug|ARM64.Deploy.0 = Debug|ARM64
		{EEAB8EC2-4049-491A-948D-30FA5AB31E62}.Debug|x64.ActiveCfg = Debug|x64
		{EEAB8EC2-4049-491A-948D-30FA5AB31E62}.Debug|x64.Build.0 = Debug|x64
		{EEAB8EC2-4049-491A-948D-30FA5AB31E62}.Debug|x64.Deploy.0 = Debug|x64
		{EEAB8EC2-4049-491A-948D-30FA5AB31E62}.Debug|x86.ActiveCfg = Debug|x86
		{EEAB8EC2-4049-491A-948D-30FA5AB31E62}.Debug|x86.Build.0 = Debug|x86
		{EEAB8EC2-4049-491A-948D-30FA5AB31E62}.Debug|x86.Deploy.0 = Debug|x86
		{EEAB8EC2-4049-491A-948D-30FA5AB31E62}.Publish|Any CPU.ActiveCfg = Debug|Any CPU
		{EEAB8EC2-4049-491A-948D-30FA5AB31E62}.Publish|Any CPU.Build.0 = Debug|Any CPU
		{EEAB8EC2-4049-491A-948D-30FA5AB31E62}.Publish|Any CPU.Deploy.0 = Debug|Any CPU
		{EEAB8EC2-4049-491A-948D-30FA5AB31E62}.Publish|ARM.ActiveCfg = Release|ARM
		{EEAB8EC2-4049-491A-948D-30FA5AB31E62}.Publish|ARM.Build.0 = Release|ARM
		{EEAB8EC2-4049-491A-948D-30FA5AB31E62}.Publish|ARM.Deploy.0 = Release|ARM
		{EEAB8EC2-4049-491A-948D-30FA5AB31E62}.Publish|ARM64.ActiveCfg = Release|ARM64
		{EEAB8EC2-4049-491A-948D-30FA5AB31E62}.Publish|ARM64.Build.0 = Release|ARM64
		{EEAB8EC2-4049-491A-948D-30FA5AB31E62}.Publish|ARM64.Deploy.0 = Release|ARM64
		{EEAB8EC2-4049-491A-948D-30FA5AB31E62}.Publish|x64.ActiveCfg = Release|x64
		{EEAB8EC2-4049-491A-948D-30FA5AB31E62}.Publish|x64.Build.0 = Release|x64
		{EEAB8EC2-4049-491A-948D-30FA5AB31E62}.Publish|x64.Deploy.0 = Release|x64
		{EEAB8EC2-4049-491A-948D-30FA5AB31E62}.Publish|x86.ActiveCfg = Release|x86
		{EEAB8EC2-4049-491A-948D-30FA5AB31E62}.Publish|x86.Build.0 = Release|x86
		{EEAB8EC2-4049-491A-948D-30FA5AB31E62}.Publish|x86.Deploy.0 = Release|x86
		{EEAB8EC2-4049-491A-948D-30FA5AB31E62}.Release|Any CPU.ActiveCfg = Release|Any CPU
		{EEAB8EC2-4049-491A-948D-30FA5AB31E62}.Release|Any CPU.Build.0 = Release|Any CPU
		{EEAB8EC2-4049-491A-948D-30FA5AB31E62}.Release|Any CPU.Deploy.0 = Release|Any CPU
		{EEAB8EC2-4049-491A-948D-30FA5AB31E62}.Release|ARM.ActiveCfg = Release|ARM
		{EEAB8EC2-4049-491A-948D-30FA5AB31E62}.Release|ARM.Build.0 = Release|ARM
		{EEAB8EC2-4049-491A-948D-30FA5AB31E62}.Release|ARM.Deploy.0 = Release|ARM
		{EEAB8EC2-4049-491A-948D-30FA5AB31E62}.Release|ARM64.ActiveCfg = Release|ARM64
		{EEAB8EC2-4049-491A-948D-30FA5AB31E62}.Release|ARM64.Build.0 = Release|ARM64
		{EEAB8EC2-4049-491A-948D-30FA5AB31E62}.Release|ARM64.Deploy.0 = Release|ARM64
		{EEAB8EC2-4049-491A-948D-30FA5AB31E62}.Release|x64.ActiveCfg = Release|x64
		{EEAB8EC2-4049-491A-948D-30FA5AB31E62}.Release|x64.Build.0 = Release|x64
		{EEAB8EC2-4049-491A-948D-30FA5AB31E62}.Release|x64.Deploy.0 = Release|x64
		{EEAB8EC2-4049-491A-948D-30FA5AB31E62}.Release|x86.ActiveCfg = Release|x86
		{EEAB8EC2-4049-491A-948D-30FA5AB31E62}.Release|x86.Build.0 = Release|x86
		{EEAB8EC2-4049-491A-948D-30FA5AB31E62}.Release|x86.Deploy.0 = Release|x86
		{95ACE6C1-8817-4434-A450-DA117E5B433F}.Debug|Any CPU.ActiveCfg = Debug|x86
		{95ACE6C1-8817-4434-A450-DA117E5B433F}.Debug|ARM.ActiveCfg = Debug|x86
		{95ACE6C1-8817-4434-A450-DA117E5B433F}.Debug|ARM64.ActiveCfg = Debug|x86
		{95ACE6C1-8817-4434-A450-DA117E5B433F}.Debug|x64.ActiveCfg = Debug|x86
		{95ACE6C1-8817-4434-A450-DA117E5B433F}.Debug|x86.ActiveCfg = Debug|x86
		{95ACE6C1-8817-4434-A450-DA117E5B433F}.Debug|x86.Build.0 = Debug|x86
		{95ACE6C1-8817-4434-A450-DA117E5B433F}.Publish|Any CPU.ActiveCfg = Release|x86
		{95ACE6C1-8817-4434-A450-DA117E5B433F}.Publish|Any CPU.Build.0 = Release|x86
		{95ACE6C1-8817-4434-A450-DA117E5B433F}.Publish|ARM.ActiveCfg = Release|x86
		{95ACE6C1-8817-4434-A450-DA117E5B433F}.Publish|ARM.Build.0 = Release|x86
		{95ACE6C1-8817-4434-A450-DA117E5B433F}.Publish|ARM64.ActiveCfg = Release|x86
		{95ACE6C1-8817-4434-A450-DA117E5B433F}.Publish|ARM64.Build.0 = Release|x86
		{95ACE6C1-8817-4434-A450-DA117E5B433F}.Publish|x64.ActiveCfg = Release|x86
		{95ACE6C1-8817-4434-A450-DA117E5B433F}.Publish|x64.Build.0 = Release|x86
		{95ACE6C1-8817-4434-A450-DA117E5B433F}.Publish|x86.ActiveCfg = Release|x86
		{95ACE6C1-8817-4434-A450-DA117E5B433F}.Publish|x86.Build.0 = Release|x86
		{95ACE6C1-8817-4434-A450-DA117E5B433F}.Release|Any CPU.ActiveCfg = Release|x86
		{95ACE6C1-8817-4434-A450-DA117E5B433F}.Release|ARM.ActiveCfg = Release|x86
		{95ACE6C1-8817-4434-A450-DA117E5B433F}.Release|ARM64.ActiveCfg = Release|x86
		{95ACE6C1-8817-4434-A450-DA117E5B433F}.Release|x64.ActiveCfg = Release|x86
		{95ACE6C1-8817-4434-A450-DA117E5B433F}.Release|x86.ActiveCfg = Release|x86
		{95ACE6C1-8817-4434-A450-DA117E5B433F}.Release|x86.Build.0 = Release|x86
	EndGlobalSection
	GlobalSection(SolutionProperties) = preSolution
		HideSolutionNode = FALSE
	EndGlobalSection
	GlobalSection(ExtensibilityGlobals) = postSolution
		SolutionGuid = {89618A17-F00F-4372-8274-668E5364FF04}
	EndGlobalSection
EndGlobal
