
Microsoft Visual Studio Solution File, Format Version 12.00
# Visual Studio Version 16
VisualStudioVersion = 16.0.29926.136
MinimumVisualStudioVersion = 10.0.40219.1
Project("{9A19103F-16F7-4668-BE54-9A1E7A4F7556}") = "Archivator_desktop_WPF_WTS", "Archivator_desktop_WPF_WTS\Archivator_desktop_WPF_WTS.csproj", "{30D90802-08BB-4BA9-A295-03CBDE57B669}"
EndProject
Project("{9A19103F-16F7-4668-BE54-9A1E7A4F7556}") = "Archivator_desktop_WPF_WTS.Core", "Archivator_desktop_WPF_WTS.Core\Archivator_desktop_WPF_WTS.Core.csproj", "{68AEF560-FF4B-4546-A4D6-816F05FEAC39}"
EndProject
Project("{9A19103F-16F7-4668-BE54-9A1E7A4F7556}") = "ArchivatorDb", "..\ArchivatorDb\ArchivatorDb\ArchivatorDb.csproj", "{0BFBCA4F-35DB-4842-80FE-14F80AE17CA7}"
EndProject
Project("{54435603-DBB4-11D2-8724-00A0C9A8B90C}") = "SetupProject", "SetupProject\SetupProject.vdproj", "{43E9842B-3B26-4146-AC08-11F76BBBC40C}"
EndProject
Global
	GlobalSection(SolutionConfigurationPlatforms) = preSolution
		Debug|Any CPU = Debug|Any CPU
		Debug|ARM = Debug|ARM
		Debug|ARM64 = Debug|ARM64
		Debug|x64 = Debug|x64
		Debug|x86 = Debug|x86
		Publish|Any CPU = Publish|Any CPU
		Publish|ARM = Publish|ARM
		Publish|ARM64 = Publish|ARM64
		Publish|x64 = Publish|x64
		Publish|x86 = Publish|x86
		Release|Any CPU = Release|Any CPU
		Release|ARM = Release|ARM
		Release|ARM64 = Release|ARM64
		Release|x64 = Release|x64
		Release|x86 = Release|x86
	EndGlobalSection
	GlobalSection(ProjectConfigurationPlatforms) = postSolution
		{30D90802-08BB-4BA9-A295-03CBDE57B669}.Debug|Any CPU.ActiveCfg = Debug|Any CPU
		{30D90802-08BB-4BA9-A295-03CBDE57B669}.Debug|Any CPU.Build.0 = Debug|Any CPU
		{30D90802-08BB-4BA9-A295-03CBDE57B669}.Debug|ARM.ActiveCfg = Debug|Any CPU
		{30D90802-08BB-4BA9-A295-03CBDE57B669}.Debug|ARM.Build.0 = Debug|Any CPU
		{30D90802-08BB-4BA9-A295-03CBDE57B669}.Debug|ARM64.ActiveCfg = Debug|Any CPU
		{30D90802-08BB-4BA9-A295-03CBDE57B669}.Debug|ARM64.Build.0 = Debug|Any CPU
		{30D90802-08BB-4BA9-A295-03CBDE57B669}.Debug|x64.ActiveCfg = Debug|x64
		{30D90802-08BB-4BA9-A295-03CBDE57B669}.Debug|x64.Build.0 = Debug|x64
		{30D90802-08BB-4BA9-A295-03CBDE57B669}.Debug|x86.ActiveCfg = Debug|x86
		{30D90802-08BB-4BA9-A295-03CBDE57B669}.Debug|x86.Build.0 = Debug|x86
		{30D90802-08BB-4BA9-A295-03CBDE57B669}.Publish|Any CPU.ActiveCfg = Release|Any CPU
		{30D90802-08BB-4BA9-A295-03CBDE57B669}.Publish|Any CPU.Build.0 = Release|Any CPU
		{30D90802-08BB-4BA9-A295-03CBDE57B669}.Publish|ARM.ActiveCfg = Release|Any CPU
		{30D90802-08BB-4BA9-A295-03CBDE57B669}.Publish|ARM.Build.0 = Release|Any CPU
		{30D90802-08BB-4BA9-A295-03CBDE57B669}.Publish|ARM64.ActiveCfg = Release|Any CPU
		{30D90802-08BB-4BA9-A295-03CBDE57B669}.Publish|ARM64.Build.0 = Release|Any CPU
		{30D90802-08BB-4BA9-A295-03CBDE57B669}.Publish|x64.ActiveCfg = Release|x64
		{30D90802-08BB-4BA9-A295-03CBDE57B669}.Publish|x64.Build.0 = Release|x64
		{30D90802-08BB-4BA9-A295-03CBDE57B669}.Publish|x86.ActiveCfg = Release|x86
		{30D90802-08BB-4BA9-A295-03CBDE57B669}.Publish|x86.Build.0 = Release|x86
		{30D90802-08BB-4BA9-A295-03CBDE57B669}.Release|Any CPU.ActiveCfg = Release|Any CPU
		{30D90802-08BB-4BA9-A295-03CBDE57B669}.Release|Any CPU.Build.0 = Release|Any CPU
		{30D90802-08BB-4BA9-A295-03CBDE57B669}.Release|ARM.ActiveCfg = Release|Any CPU
		{30D90802-08BB-4BA9-A295-03CBDE57B669}.Release|ARM.Build.0 = Release|Any CPU
		{30D90802-08BB-4BA9-A295-03CBDE57B669}.Release|ARM64.ActiveCfg = Release|Any CPU
		{30D90802-08BB-4BA9-A295-03CBDE57B669}.Release|ARM64.Build.0 = Release|Any CPU
		{30D90802-08BB-4BA9-A295-03CBDE57B669}.Release|x64.ActiveCfg = Release|x64
		{30D90802-08BB-4BA9-A295-03CBDE57B669}.Release|x64.Build.0 = Release|x64
		{30D90802-08BB-4BA9-A295-03CBDE57B669}.Release|x86.ActiveCfg = Release|x86
		{30D90802-08BB-4BA9-A295-03CBDE57B669}.Release|x86.Build.0 = Release|x86
		{68AEF560-FF4B-4546-A4D6-816F05FEAC39}.Debug|Any CPU.ActiveCfg = Debug|Any CPU
		{68AEF560-FF4B-4546-A4D6-816F05FEAC39}.Debug|Any CPU.Build.0 = Debug|Any CPU
		{68AEF560-FF4B-4546-A4D6-816F05FEAC39}.Debug|ARM.ActiveCfg = Debug|Any CPU
		{68AEF560-FF4B-4546-A4D6-816F05FEAC39}.Debug|ARM.Build.0 = Debug|Any CPU
		{68AEF560-FF4B-4546-A4D6-816F05FEAC39}.Debug|ARM64.ActiveCfg = Debug|Any CPU
		{68AEF560-FF4B-4546-A4D6-816F05FEAC39}.Debug|ARM64.Build.0 = Debug|Any CPU
		{68AEF560-FF4B-4546-A4D6-816F05FEAC39}.Debug|x64.ActiveCfg = Debug|x64
		{68AEF560-FF4B-4546-A4D6-816F05FEAC39}.Debug|x64.Build.0 = Debug|x64
		{68AEF560-FF4B-4546-A4D6-816F05FEAC39}.Debug|x86.ActiveCfg = Debug|x86
		{68AEF560-FF4B-4546-A4D6-816F05FEAC39}.Debug|x86.Build.0 = Debug|x86
		{68AEF560-FF4B-4546-A4D6-816F05FEAC39}.Publish|Any CPU.ActiveCfg = Release|Any CPU
		{68AEF560-FF4B-4546-A4D6-816F05FEAC39}.Publish|Any CPU.Build.0 = Release|Any CPU
		{68AEF560-FF4B-4546-A4D6-816F05FEAC39}.Publish|ARM.ActiveCfg = Release|Any CPU
		{68AEF560-FF4B-4546-A4D6-816F05FEAC39}.Publish|ARM.Build.0 = Release|Any CPU
		{68AEF560-FF4B-4546-A4D6-816F05FEAC39}.Publish|ARM64.ActiveCfg = Release|Any CPU
		{68AEF560-FF4B-4546-A4D6-816F05FEAC39}.Publish|ARM64.Build.0 = Release|Any CPU
		{68AEF560-FF4B-4546-A4D6-816F05FEAC39}.Publish|x64.ActiveCfg = Release|x64
		{68AEF560-FF4B-4546-A4D6-816F05FEAC39}.Publish|x64.Build.0 = Release|x64
		{68AEF560-FF4B-4546-A4D6-816F05FEAC39}.Publish|x86.ActiveCfg = Release|x86
		{68AEF560-FF4B-4546-A4D6-816F05FEAC39}.Publish|x86.Build.0 = Release|x86
		{68AEF560-FF4B-4546-A4D6-816F05FEAC39}.Release|Any CPU.ActiveCfg = Release|Any CPU
		{68AEF560-FF4B-4546-A4D6-816F05FEAC39}.Release|Any CPU.Build.0 = Release|Any CPU
		{68AEF560-FF4B-4546-A4D6-816F05FEAC39}.Release|ARM.ActiveCfg = Release|Any CPU
		{68AEF560-FF4B-4546-A4D6-816F05FEAC39}.Release|ARM.Build.0 = Release|Any CPU
		{68AEF560-FF4B-4546-A4D6-816F05FEAC39}.Release|ARM64.ActiveCfg = Release|Any CPU
		{68AEF560-FF4B-4546-A4D6-816F05FEAC39}.Release|ARM64.Build.0 = Release|Any CPU
		{68AEF560-FF4B-4546-A4D6-816F05FEAC39}.Release|x64.ActiveCfg = Release|x64
		{68AEF560-FF4B-4546-A4D6-816F05FEAC39}.Release|x64.Build.0 = Release|x64
		{68AEF560-FF4B-4546-A4D6-816F05FEAC39}.Release|x86.ActiveCfg = Release|x86
		{68AEF560-FF4B-4546-A4D6-816F05FEAC39}.Release|x86.Build.0 = Release|x86
		{0BFBCA4F-35DB-4842-80FE-14F80AE17CA7}.Debug|Any CPU.ActiveCfg = Debug|Any CPU
		{0BFBCA4F-35DB-4842-80FE-14F80AE17CA7}.Debug|Any CPU.Build.0 = Debug|Any CPU
		{0BFBCA4F-35DB-4842-80FE-14F80AE17CA7}.Debug|ARM.ActiveCfg = Debug|Any CPU
		{0BFBCA4F-35DB-4842-80FE-14F80AE17CA7}.Debug|ARM.Build.0 = Debug|Any CPU
		{0BFBCA4F-35DB-4842-80FE-14F80AE17CA7}.Debug|ARM64.ActiveCfg = Debug|Any CPU
		{0BFBCA4F-35DB-4842-80FE-14F80AE17CA7}.Debug|ARM64.Build.0 = Debug|Any CPU
		{0BFBCA4F-35DB-4842-80FE-14F80AE17CA7}.Debug|x64.ActiveCfg = Debug|Any CPU
		{0BFBCA4F-35DB-4842-80FE-14F80AE17CA7}.Debug|x64.Build.0 = Debug|Any CPU
		{0BFBCA4F-35DB-4842-80FE-14F80AE17CA7}.Debug|x86.ActiveCfg = Debug|Any CPU
		{0BFBCA4F-35DB-4842-80FE-14F80AE17CA7}.Debug|x86.Build.0 = Debug|Any CPU
		{0BFBCA4F-35DB-4842-80FE-14F80AE17CA7}.Publish|Any CPU.ActiveCfg = Publish|Any CPU
		{0BFBCA4F-35DB-4842-80FE-14F80AE17CA7}.Publish|Any CPU.Build.0 = Publish|Any CPU
		{0BFBCA4F-35DB-4842-80FE-14F80AE17CA7}.Publish|ARM.ActiveCfg = Publish|Any CPU
		{0BFBCA4F-35DB-4842-80FE-14F80AE17CA7}.Publish|ARM.Build.0 = Publish|Any CPU
		{0BFBCA4F-35DB-4842-80FE-14F80AE17CA7}.Publish|ARM64.ActiveCfg = Publish|Any CPU
		{0BFBCA4F-35DB-4842-80FE-14F80AE17CA7}.Publish|ARM64.Build.0 = Publish|Any CPU
		{0BFBCA4F-35DB-4842-80FE-14F80AE17CA7}.Publish|x64.ActiveCfg = Publish|Any CPU
		{0BFBCA4F-35DB-4842-80FE-14F80AE17CA7}.Publish|x64.Build.0 = Publish|Any CPU
		{0BFBCA4F-35DB-4842-80FE-14F80AE17CA7}.Publish|x86.ActiveCfg = Publish|Any CPU
		{0BFBCA4F-35DB-4842-80FE-14F80AE17CA7}.Publish|x86.Build.0 = Publish|Any CPU
		{0BFBCA4F-35DB-4842-80FE-14F80AE17CA7}.Release|Any CPU.ActiveCfg = Release|Any CPU
		{0BFBCA4F-35DB-4842-80FE-14F80AE17CA7}.Release|Any CPU.Build.0 = Release|Any CPU
		{0BFBCA4F-35DB-4842-80FE-14F80AE17CA7}.Release|ARM.ActiveCfg = Release|Any CPU
		{0BFBCA4F-35DB-4842-80FE-14F80AE17CA7}.Release|ARM.Build.0 = Release|Any CPU
		{0BFBCA4F-35DB-4842-80FE-14F80AE17CA7}.Release|ARM64.ActiveCfg = Release|Any CPU
		{0BFBCA4F-35DB-4842-80FE-14F80AE17CA7}.Release|ARM64.Build.0 = Release|Any CPU
		{0BFBCA4F-35DB-4842-80FE-14F80AE17CA7}.Release|x64.ActiveCfg = Release|Any CPU
		{0BFBCA4F-35DB-4842-80FE-14F80AE17CA7}.Release|x64.Build.0 = Release|Any CPU
		{0BFBCA4F-35DB-4842-80FE-14F80AE17CA7}.Release|x86.ActiveCfg = Release|Any CPU
		{0BFBCA4F-35DB-4842-80FE-14F80AE17CA7}.Release|x86.Build.0 = Release|Any CPU
		{43E9842B-3B26-4146-AC08-11F76BBBC40C}.Debug|Any CPU.ActiveCfg = Debug
		{43E9842B-3B26-4146-AC08-11F76BBBC40C}.Debug|ARM.ActiveCfg = Debug
		{43E9842B-3B26-4146-AC08-11F76BBBC40C}.Debug|ARM64.ActiveCfg = Debug
		{43E9842B-3B26-4146-AC08-11F76BBBC40C}.Debug|x64.ActiveCfg = Debug
		{43E9842B-3B26-4146-AC08-11F76BBBC40C}.Debug|x86.ActiveCfg = Debug
		{43E9842B-3B26-4146-AC08-11F76BBBC40C}.Publish|Any CPU.ActiveCfg = Release
		{43E9842B-3B26-4146-AC08-11F76BBBC40C}.Publish|Any CPU.Build.0 = Release
		{43E9842B-3B26-4146-AC08-11F76BBBC40C}.Publish|ARM.ActiveCfg = Release
		{43E9842B-3B26-4146-AC08-11F76BBBC40C}.Publish|ARM.Build.0 = Release
		{43E9842B-3B26-4146-AC08-11F76BBBC40C}.Publish|ARM64.ActiveCfg = Release
		{43E9842B-3B26-4146-AC08-11F76BBBC40C}.Publish|ARM64.Build.0 = Release
		{43E9842B-3B26-4146-AC08-11F76BBBC40C}.Publish|x64.ActiveCfg = Release
		{43E9842B-3B26-4146-AC08-11F76BBBC40C}.Publish|x64.Build.0 = Release
		{43E9842B-3B26-4146-AC08-11F76BBBC40C}.Publish|x86.ActiveCfg = Release
		{43E9842B-3B26-4146-AC08-11F76BBBC40C}.Publish|x86.Build.0 = Release
		{43E9842B-3B26-4146-AC08-11F76BBBC40C}.Release|Any CPU.ActiveCfg = Release
		{43E9842B-3B26-4146-AC08-11F76BBBC40C}.Release|ARM.ActiveCfg = Release
		{43E9842B-3B26-4146-AC08-11F76BBBC40C}.Release|ARM64.ActiveCfg = Release
		{43E9842B-3B26-4146-AC08-11F76BBBC40C}.Release|x64.ActiveCfg = Release
		{43E9842B-3B26-4146-AC08-11F76BBBC40C}.Release|x86.ActiveCfg = Release
	EndGlobalSection
	GlobalSection(SolutionProperties) = preSolution
		HideSolutionNode = FALSE
	EndGlobalSection
	GlobalSection(ExtensibilityGlobals) = postSolution
		SolutionGuid = {89618A17-F00F-4372-8274-668E5364FF04}
	EndGlobalSection
EndGlobal
